dependencies:
- name: rabbitmq
  repository: https://kubernetes-charts.storage.googleapis.com/
  version: 6.17.2
- name: postgresql
  repository: https://kubernetes-charts.storage.googleapis.com/
  version: 8.3.4
- name: memcached
  repository: https://kubernetes-charts.storage.googleapis.com/
  version: 3.2.2
digest: sha256:3c559493edc094ac52525d165992f72faac800a5cbbda508421041371469d93e
generated: "2020-02-20T15:35:45.44202921+01:00"
