dependencies:
- name: rabbitmq
  repository: https://kubernetes-charts.storage.googleapis.com/
  version: 6.17.2
- name: postgresql
  repository: https://kubernetes-charts.storage.googleapis.com/
  version: 8.3.4
- name: memcached
  repository: https://kubernetes-charts.storage.googleapis.com/
  version: 3.2.2
digest: sha256:ec06bb615c30305034792392cea8d94230619a5596cb8b1ca9497a46e57ead2e
generated: "2020-02-25T14:16:15.636432504+01:00"
